
Microsoft Visual Studio Solution File, Format Version 12.00
# Visual Studio Version 17
VisualStudioVersion = 17.9.34728.123
MinimumVisualStudioVersion = 10.0.40219.1
Project("{9A19103F-16F7-4668-BE54-9A1E7A4F7556}") = "notepad", "notepad.csproj", "{D1821379-D1B3-4904-A403-937EA2619F43}"
EndProject
Global
	GlobalSection(SolutionConfigurationPlatforms) = preSolution
		Debug|Any CPU = Debug|Any CPU
		Release|Any CPU = Release|Any CPU
	EndGlobalSection
	GlobalSection(ProjectConfigurationPlatforms) = postSolution
		{D1821379-D1B3-4904-A403-937EA2619F43}.Debug|Any CPU.ActiveCfg = Debug|Any CPU
		{D1821379-D1B3-4904-A403-937EA2619F43}.Debug|Any CPU.Build.0 = Debug|Any CPU
		{D1821379-D1B3-4904-A403-937EA2619F43}.Release|Any CPU.ActiveCfg = Release|Any CPU
		{D1821379-D1B3-4904-A403-937EA2619F43}.Release|Any CPU.Build.0 = Release|Any CPU
	EndGlobalSection
	GlobalSection(SolutionProperties) = preSolution
		HideSolutionNode = FALSE
	EndGlobalSection
	GlobalSection(ExtensibilityGlobals) = postSolution
		SolutionGuid = {6C56B272-18BF-43BD-803E-99D2477FC9B3}
	EndGlobalSection
EndGlobal
